
Microsoft Visual Studio Solution File, Format Version 12.00
# Visual Studio Version 17
VisualStudioVersion = 17.5.33424.131
MinimumVisualStudioVersion = 10.0.40219.1
Project("{FAE04EC0-301F-11D3-BF4B-00C04F79EFBC}") = "PresentacionWebApiCore", "PresentacionWebApiCore\PresentacionWebApiCore.csproj", "{AF799279-3740-4825-A4EC-EF20D227AC64}"
EndProject
Global
	GlobalSection(SolutionConfigurationPlatforms) = preSolution
		Debug|Any CPU = Debug|Any CPU
		Release|Any CPU = Release|Any CPU
	EndGlobalSection
	GlobalSection(ProjectConfigurationPlatforms) = postSolution
		{AF799279-3740-4825-A4EC-EF20D227AC64}.Debug|Any CPU.ActiveCfg = Debug|Any CPU
		{AF799279-3740-4825-A4EC-EF20D227AC64}.Debug|Any CPU.Build.0 = Debug|Any CPU
		{AF799279-3740-4825-A4EC-EF20D227AC64}.Release|Any CPU.ActiveCfg = Release|Any CPU
		{AF799279-3740-4825-A4EC-EF20D227AC64}.Release|Any CPU.Build.0 = Release|Any CPU
	EndGlobalSection
	GlobalSection(SolutionProperties) = preSolution
		HideSolutionNode = FALSE
	EndGlobalSection
	GlobalSection(ExtensibilityGlobals) = postSolution
		SolutionGuid = {AA9CA9A8-8C9D-4795-9D21-4EE1D9D7E4EB}
	EndGlobalSection
EndGlobal
